
Microsoft Visual Studio Solution File, Format Version 12.00
# Visual Studio Version 17
VisualStudioVersion = 17.8.34330.188
MinimumVisualStudioVersion = 10.0.40219.1
Project("{FAE04EC0-301F-11D3-BF4B-00C04F79EFBC}") = "Compress_PDF_WF", "Compress_PDF_WF\Compress_PDF_WF.csproj", "{23809827-FED7-4840-A6E6-38C98E5FA317}"
EndProject
Global
	GlobalSection(SolutionConfigurationPlatforms) = preSolution
		Debug|Any CPU = Debug|Any CPU
		Release|Any CPU = Release|Any CPU
	EndGlobalSection
	GlobalSection(ProjectConfigurationPlatforms) = postSolution
		{23809827-FED7-4840-A6E6-38C98E5FA317}.Debug|Any CPU.ActiveCfg = Debug|Any CPU
		{23809827-FED7-4840-A6E6-38C98E5FA317}.Debug|Any CPU.Build.0 = Debug|Any CPU
		{23809827-FED7-4840-A6E6-38C98E5FA317}.Release|Any CPU.ActiveCfg = Release|Any CPU
		{23809827-FED7-4840-A6E6-38C98E5FA317}.Release|Any CPU.Build.0 = Release|Any CPU
	EndGlobalSection
	GlobalSection(SolutionProperties) = preSolution
		HideSolutionNode = FALSE
	EndGlobalSection
	GlobalSection(ExtensibilityGlobals) = postSolution
		SolutionGuid = {F4E25BA2-C8F0-40F5-A542-842697BD9403}
	EndGlobalSection
EndGlobal
